# THIS IS AN AUTOGENERATED FILE. DO NOT EDIT THIS FILE DIRECTLY.
# yarn lockfile v1


babel-plugin-date-fns@^0.2.1:
  version "0.2.1"
  resolved "https://registry.yarnpkg.com/babel-plugin-date-fns/-/babel-plugin-date-fns-0.2.1.tgz#17b6e4666a05411857ac04af4318ff5fb72895f2"
  integrity sha512-XdcYohZbmetNsEHG32QV+uC17J3LKfE5O5/47N+Ee9zR1xdqXPRm/Am1VbGidva7dFpRzXmdk4TYofS9Qq+1Tw==
  dependencies:
    lodash.snakecase "^4.1.1"

lodash.snakecase@^4.1.1:
  version "4.1.1"
  resolved "https://registry.yarnpkg.com/lodash.snakecase/-/lodash.snakecase-4.1.1.tgz#39d714a35357147837aefd64b5dcbb16becd8f8d"
  integrity sha1-OdcUo1NXFHg3rv1ktdy7Fr7Nj40=
